// !$*UTF8*$!
{
	archiveVersion = 1;
	classes = {
	};
	objectVersion = 56;
	objects = {

/* Begin PBXBuildFile section */
		04201EAA2AE01CBD00E62EF7 /* AppDelegate.swift in Sources */ = {isa = PBXBuildFile; fileRef = 04201EA92AE01CBD00E62EF7 /* AppDelegate.swift */; };
		04201EB02AE01CBD00E62EF7 /* GameScene.swift in Sources */ = {isa = PBXBuildFile; fileRef = 04201EAF2AE01CBD00E62EF7 /* GameScene.swift */; };
		04201EB52AE01CBD00E62EF7 /* Main.storyboard in Resources */ = {isa = PBXBuildFile; fileRef = 04201EB32AE01CBD00E62EF7 /* Main.storyboard */; };
		04201EB72AE01CBE00E62EF7 /* Assets.xcassets in Resources */ = {isa = PBXBuildFile; fileRef = 04201EB62AE01CBE00E62EF7 /* Assets.xcassets */; };
		04201EBA2AE01CBE00E62EF7 /* LaunchScreen.storyboard in Resources */ = {isa = PBXBuildFile; fileRef = 04201EB82AE01CBE00E62EF7 /* LaunchScreen.storyboard */; };
		04201EC62AE01D2300E62EF7 /* MenuVC.swift in Sources */ = {isa = PBXBuildFile; fileRef = 04201EC52AE01D2300E62EF7 /* MenuVC.swift */; };
		04201EC82AE01D2C00E62EF7 /* LoadingVC.swift in Sources */ = {isa = PBXBuildFile; fileRef = 04201EC72AE01D2C00E62EF7 /* LoadingVC.swift */; };
		04201ECA2AE01D3600E62EF7 /* InstructionVC.swift in Sources */ = {isa = PBXBuildFile; fileRef = 04201EC92AE01D3600E62EF7 /* InstructionVC.swift */; };
		04201ECC2AE01D3E00E62EF7 /* GameVC.swift in Sources */ = {isa = PBXBuildFile; fileRef = 04201ECB2AE01D3E00E62EF7 /* GameVC.swift */; };
		04201ECE2AE01D6A00E62EF7 /* Data.swift in Sources */ = {isa = PBXBuildFile; fileRef = 04201ECD2AE01D6A00E62EF7 /* Data.swift */; };
		04201ED02AE01D8100E62EF7 /* CardButton.swift in Sources */ = {isa = PBXBuildFile; fileRef = 04201ECF2AE01D8100E62EF7 /* CardButton.swift */; };
		04201ED22AE01DED00E62EF7 /* Magic.sks in Resources */ = {isa = PBXBuildFile; fileRef = 04201ED12AE01DED00E62EF7 /* Magic.sks */; };
		04201ED42AE01E1600E62EF7 /* FireUp.sks in Resources */ = {isa = PBXBuildFile; fileRef = 04201ED32AE01E1600E62EF7 /* FireUp.sks */; };
		04201ED62AE01E2200E62EF7 /* FireDown.sks in Resources */ = {isa = PBXBuildFile; fileRef = 04201ED52AE01E2200E62EF7 /* FireDown.sks */; };
		042AFAAE2AE01F3C00F1460B /* phoenix.gif in Resources */ = {isa = PBXBuildFile; fileRef = 042AFAAD2AE01F3C00F1460B /* phoenix.gif */; };
		042AFAB02AE01F9500F1460B /* character.gif in Resources */ = {isa = PBXBuildFile; fileRef = 042AFAAF2AE01F9500F1460B /* character.gif */; };
		042AFAB22AE0201B00F1460B /* WebVC.swift in Sources */ = {isa = PBXBuildFile; fileRef = 042AFAB12AE0201B00F1460B /* WebVC.swift */; };
		042AFAB62AE124CC00F1460B /* background.mp3 in Resources */ = {isa = PBXBuildFile; fileRef = 042AFAB52AE124CC00F1460B /* background.mp3 */; };
		042AFABA2AE126AE00F1460B /* phoenix.mp3 in Resources */ = {isa = PBXBuildFile; fileRef = 042AFAB92AE126AE00F1460B /* phoenix.mp3 */; };
		042AFABC2AE126FA00F1460B /* fire.mp3 in Resources */ = {isa = PBXBuildFile; fileRef = 042AFABB2AE126FA00F1460B /* fire.mp3 */; };
		042AFABE2AE129C700F1460B /* laugh.mp3 in Resources */ = {isa = PBXBuildFile; fileRef = 042AFABD2AE129C700F1460B /* laugh.mp3 */; };
		042AFB192AE166D100F1460B /* Vibration.swift in Sources */ = {isa = PBXBuildFile; fileRef = 042AFB182AE166D100F1460B /* Vibration.swift */; };
		04887A2D2AE9557E00C731F1 /* codemagic.yaml in Resources */ = {isa = PBXBuildFile; fileRef = 04887A2C2AE9557E00C731F1 /* codemagic.yaml */; };
		7BD30D22227DD0814446123F /* Pods_XleopatraXards.framework in Frameworks */ = {isa = PBXBuildFile; fileRef = 261A4F6E69953E562B11F995 /* Pods_XleopatraXards.framework */; };
/* End PBXBuildFile section */

/* Begin PBXFileReference section */
		04201EA62AE01CBD00E62EF7 /* XleopatraXards.app */ = {isa = PBXFileReference; explicitFileType = wrapper.application; includeInIndex = 0; path = XleopatraXards.app; sourceTree = BUILT_PRODUCTS_DIR; };
		04201EA92AE01CBD00E62EF7 /* AppDelegate.swift */ = {isa = PBXFileReference; lastKnownFileType = sourcecode.swift; path = AppDelegate.swift; sourceTree = "<group>"; };
		04201EAF2AE01CBD00E62EF7 /* GameScene.swift */ = {isa = PBXFileReference; lastKnownFileType = sourcecode.swift; path = GameScene.swift; sourceTree = "<group>"; };
		04201EB42AE01CBD00E62EF7 /* Base */ = {isa = PBXFileReference; lastKnownFileType = file.storyboard; name = Base; path = Base.lproj/Main.storyboard; sourceTree = "<group>"; };
		04201EB62AE01CBE00E62EF7 /* Assets.xcassets */ = {isa = PBXFileReference; lastKnownFileType = folder.assetcatalog; path = Assets.xcassets; sourceTree = "<group>"; };
		04201EB92AE01CBE00E62EF7 /* Base */ = {isa = PBXFileReference; lastKnownFileType = file.storyboard; name = Base; path = Base.lproj/LaunchScreen.storyboard; sourceTree = "<group>"; };
		04201EC52AE01D2300E62EF7 /* MenuVC.swift */ = {isa = PBXFileReference; lastKnownFileType = sourcecode.swift; path = MenuVC.swift; sourceTree = "<group>"; };
		04201EC72AE01D2C00E62EF7 /* LoadingVC.swift */ = {isa = PBXFileReference; lastKnownFileType = sourcecode.swift; path = LoadingVC.swift; sourceTree = "<group>"; };
		04201EC92AE01D3600E62EF7 /* InstructionVC.swift */ = {isa = PBXFileReference; lastKnownFileType = sourcecode.swift; path = InstructionVC.swift; sourceTree = "<group>"; };
		04201ECB2AE01D3E00E62EF7 /* GameVC.swift */ = {isa = PBXFileReference; lastKnownFileType = sourcecode.swift; path = GameVC.swift; sourceTree = "<group>"; };
		04201ECD2AE01D6A00E62EF7 /* Data.swift */ = {isa = PBXFileReference; lastKnownFileType = sourcecode.swift; path = Data.swift; sourceTree = "<group>"; };
		04201ECF2AE01D8100E62EF7 /* CardButton.swift */ = {isa = PBXFileReference; lastKnownFileType = sourcecode.swift; path = CardButton.swift; sourceTree = "<group>"; };
		04201ED12AE01DED00E62EF7 /* Magic.sks */ = {isa = PBXFileReference; lastKnownFileType = file.sks; path = Magic.sks; sourceTree = "<group>"; };
		04201ED32AE01E1600E62EF7 /* FireUp.sks */ = {isa = PBXFileReference; lastKnownFileType = file.sks; path = FireUp.sks; sourceTree = "<group>"; };
		04201ED52AE01E2200E62EF7 /* FireDown.sks */ = {isa = PBXFileReference; lastKnownFileType = file.sks; path = FireDown.sks; sourceTree = "<group>"; };
		042AFAAD2AE01F3C00F1460B /* phoenix.gif */ = {isa = PBXFileReference; lastKnownFileType = image.gif; path = phoenix.gif; sourceTree = "<group>"; };
		042AFAAF2AE01F9500F1460B /* character.gif */ = {isa = PBXFileReference; lastKnownFileType = image.gif; path = character.gif; sourceTree = "<group>"; };
		042AFAB12AE0201B00F1460B /* WebVC.swift */ = {isa = PBXFileReference; lastKnownFileType = sourcecode.swift; path = WebVC.swift; sourceTree = "<group>"; };
		042AFAB32AE0209700F1460B /* Info.plist */ = {isa = PBXFileReference; lastKnownFileType = text.plist.xml; path = Info.plist; sourceTree = "<group>"; };
		042AFAB42AE0227D00F1460B /* XleopatraXards.entitlements */ = {isa = PBXFileReference; lastKnownFileType = text.plist.entitlements; path = XleopatraXards.entitlements; sourceTree = "<group>"; };
		042AFAB52AE124CC00F1460B /* background.mp3 */ = {isa = PBXFileReference; lastKnownFileType = audio.mp3; path = background.mp3; sourceTree = "<group>"; };
		042AFAB92AE126AE00F1460B /* phoenix.mp3 */ = {isa = PBXFileReference; lastKnownFileType = audio.mp3; path = phoenix.mp3; sourceTree = "<group>"; };
		042AFABB2AE126FA00F1460B /* fire.mp3 */ = {isa = PBXFileReference; lastKnownFileType = audio.mp3; path = fire.mp3; sourceTree = "<group>"; };
		042AFABD2AE129C700F1460B /* laugh.mp3 */ = {isa = PBXFileReference; lastKnownFileType = audio.mp3; path = laugh.mp3; sourceTree = "<group>"; };
		042AFB182AE166D100F1460B /* Vibration.swift */ = {isa = PBXFileReference; lastKnownFileType = sourcecode.swift; path = Vibration.swift; sourceTree = "<group>"; };
		04887A2C2AE9557E00C731F1 /* codemagic.yaml */ = {isa = PBXFileReference; lastKnownFileType = text.yaml; path = codemagic.yaml; sourceTree = "<group>"; };
		122B8183D1BE890CAE91D134 /* Pods-XleopatraXards.debug.xcconfig */ = {isa = PBXFileReference; includeInIndex = 1; lastKnownFileType = text.xcconfig; name = "Pods-XleopatraXards.debug.xcconfig"; path = "Target Support Files/Pods-XleopatraXards/Pods-XleopatraXards.debug.xcconfig"; sourceTree = "<group>"; };
		261A4F6E69953E562B11F995 /* Pods_XleopatraXards.framework */ = {isa = PBXFileReference; explicitFileType = wrapper.framework; includeInIndex = 0; path = Pods_XleopatraXards.framework; sourceTree = BUILT_PRODUCTS_DIR; };
		688CDB21005A4FC12ED1670B /* Pods-XleopatraXards.release.xcconfig */ = {isa = PBXFileReference; includeInIndex = 1; lastKnownFileType = text.xcconfig; name = "Pods-XleopatraXards.release.xcconfig"; path = "Target Support Files/Pods-XleopatraXards/Pods-XleopatraXards.release.xcconfig"; sourceTree = "<group>"; };
/* End PBXFileReference section */

/* Begin PBXFrameworksBuildPhase section */
		04201EA32AE01CBD00E62EF7 /* Frameworks */ = {
			isa = PBXFrameworksBuildPhase;
			buildActionMask = 2147483647;
			files = (
				7BD30D22227DD0814446123F /* Pods_XleopatraXards.framework in Frameworks */,
			);
			runOnlyForDeploymentPostprocessing = 0;
		};
/* End PBXFrameworksBuildPhase section */

/* Begin PBXGroup section */
		04201E9D2AE01CBD00E62EF7 = {
			isa = PBXGroup;
			children = (
				04887A2C2AE9557E00C731F1 /* codemagic.yaml */,
				04201EA82AE01CBD00E62EF7 /* XleopatraXards */,
				04201EA72AE01CBD00E62EF7 /* Products */,
				190E3E5CD29518435FB8EA2C /* Pods */,
				5460BE0C06AB88992CA0202A /* Frameworks */,
			);
			sourceTree = "<group>";
		};
		04201EA72AE01CBD00E62EF7 /* Products */ = {
			isa = PBXGroup;
			children = (
				04201EA62AE01CBD00E62EF7 /* XleopatraXards.app */,
			);
			name = Products;
			sourceTree = "<group>";
		};
		04201EA82AE01CBD00E62EF7 /* XleopatraXards */ = {
			isa = PBXGroup;
			children = (
				042AFAB42AE0227D00F1460B /* XleopatraXards.entitlements */,
				04201EC42AE01D0600E62EF7 /* Resources */,
				04201EC32AE01CEA00E62EF7 /* Models */,
				04201EC22AE01CE200E62EF7 /* Views */,
				04201EC12AE01CD300E62EF7 /* Scenes */,
				04201EC02AE01CCA00E62EF7 /* Controllers */,
			);
			path = XleopatraXards;
			sourceTree = "<group>";
		};
		04201EC02AE01CCA00E62EF7 /* Controllers */ = {
			isa = PBXGroup;
			children = (
				04201EC52AE01D2300E62EF7 /* MenuVC.swift */,
				04201EC72AE01D2C00E62EF7 /* LoadingVC.swift */,
				04201EC92AE01D3600E62EF7 /* InstructionVC.swift */,
				04201ECB2AE01D3E00E62EF7 /* GameVC.swift */,
				042AFAB12AE0201B00F1460B /* WebVC.swift */,
			);
			path = Controllers;
			sourceTree = "<group>";
		};
		04201EC12AE01CD300E62EF7 /* Scenes */ = {
			isa = PBXGroup;
			children = (
				04201EAF2AE01CBD00E62EF7 /* GameScene.swift */,
			);
			name = Scenes;
			sourceTree = "<group>";
		};
		04201EC22AE01CE200E62EF7 /* Views */ = {
			isa = PBXGroup;
			children = (
				04201EB32AE01CBD00E62EF7 /* Main.storyboard */,
				04201EB62AE01CBE00E62EF7 /* Assets.xcassets */,
				042AFAAF2AE01F9500F1460B /* character.gif */,
				042AFAAD2AE01F3C00F1460B /* phoenix.gif */,
				04201EB82AE01CBE00E62EF7 /* LaunchScreen.storyboard */,
				04201ECF2AE01D8100E62EF7 /* CardButton.swift */,
				04201ED12AE01DED00E62EF7 /* Magic.sks */,
				04201ED32AE01E1600E62EF7 /* FireUp.sks */,
				04201ED52AE01E2200E62EF7 /* FireDown.sks */,
			);
			path = Views;
			sourceTree = "<group>";
		};
		04201EC32AE01CEA00E62EF7 /* Models */ = {
			isa = PBXGroup;
			children = (
				04201ECD2AE01D6A00E62EF7 /* Data.swift */,
			);
			path = Models;
			sourceTree = "<group>";
		};
		04201EC42AE01D0600E62EF7 /* Resources */ = {
			isa = PBXGroup;
			children = (
				042AFAB52AE124CC00F1460B /* background.mp3 */,
				04201EA92AE01CBD00E62EF7 /* AppDelegate.swift */,
				042AFAB32AE0209700F1460B /* Info.plist */,
				042AFABD2AE129C700F1460B /* laugh.mp3 */,
				042AFABB2AE126FA00F1460B /* fire.mp3 */,
				042AFAB92AE126AE00F1460B /* phoenix.mp3 */,
				042AFB182AE166D100F1460B /* Vibration.swift */,
			);
			path = Resources;
			sourceTree = "<group>";
		};
		190E3E5CD29518435FB8EA2C /* Pods */ = {
			isa = PBXGroup;
			children = (
				122B8183D1BE890CAE91D134 /* Pods-XleopatraXards.debug.xcconfig */,
				688CDB21005A4FC12ED1670B /* Pods-XleopatraXards.release.xcconfig */,
			);
			path = Pods;
			sourceTree = "<group>";
		};
		5460BE0C06AB88992CA0202A /* Frameworks */ = {
			isa = PBXGroup;
			children = (
				261A4F6E69953E562B11F995 /* Pods_XleopatraXards.framework */,
			);
			name = Frameworks;
			sourceTree = "<group>";
		};
/* End PBXGroup section */

/* Begin PBXNativeTarget section */
		04201EA52AE01CBD00E62EF7 /* XleopatraXards */ = {
			isa = PBXNativeTarget;
			buildConfigurationList = 04201EBD2AE01CBE00E62EF7 /* Build configuration list for PBXNativeTarget "XleopatraXards" */;
			buildPhases = (
				B1B2C1515578F5784A2143DA /* [CP] Check Pods Manifest.lock */,
				04201EA22AE01CBD00E62EF7 /* Sources */,
				04201EA32AE01CBD00E62EF7 /* Frameworks */,
				04201EA42AE01CBD00E62EF7 /* Resources */,
				57B9C97D282F3BABE0F25603 /* [CP] Embed Pods Frameworks */,
			);
			buildRules = (
			);
			dependencies = (
			);
			name = XleopatraXards;
			productName = XleopatraXards;
			productReference = 04201EA62AE01CBD00E62EF7 /* XleopatraXards.app */;
			productType = "com.apple.product-type.application";
		};
/* End PBXNativeTarget section */

/* Begin PBXProject section */
		04201E9E2AE01CBD00E62EF7 /* Project object */ = {
			isa = PBXProject;
			attributes = {
				BuildIndependentTargetsInParallel = 1;
				LastSwiftUpdateCheck = 1500;
				LastUpgradeCheck = 1500;
				TargetAttributes = {
					04201EA52AE01CBD00E62EF7 = {
						CreatedOnToolsVersion = 15.0;
					};
				};
			};
			buildConfigurationList = 04201EA12AE01CBD00E62EF7 /* Build configuration list for PBXProject "XleopatraXards" */;
			compatibilityVersion = "Xcode 14.0";
			developmentRegion = en;
			hasScannedForEncodings = 0;
			knownRegions = (
				en,
				Base,
			);
			mainGroup = 04201E9D2AE01CBD00E62EF7;
			productRefGroup = 04201EA72AE01CBD00E62EF7 /* Products */;
			projectDirPath = "";
			projectRoot = "";
			targets = (
				04201EA52AE01CBD00E62EF7 /* XleopatraXards */,
			);
		};
/* End PBXProject section */

/* Begin PBXResourcesBuildPhase section */
		04201EA42AE01CBD00E62EF7 /* Resources */ = {
			isa = PBXResourcesBuildPhase;
			buildActionMask = 2147483647;
			files = (
				04887A2D2AE9557E00C731F1 /* codemagic.yaml in Resources */,
				042AFAAE2AE01F3C00F1460B /* phoenix.gif in Resources */,
				042AFABE2AE129C700F1460B /* laugh.mp3 in Resources */,
				04201ED42AE01E1600E62EF7 /* FireUp.sks in Resources */,
				042AFABA2AE126AE00F1460B /* phoenix.mp3 in Resources */,
				04201ED62AE01E2200E62EF7 /* FireDown.sks in Resources */,
				04201EB52AE01CBD00E62EF7 /* Main.storyboard in Resources */,
				04201ED22AE01DED00E62EF7 /* Magic.sks in Resources */,
				042AFAB62AE124CC00F1460B /* background.mp3 in Resources */,
				04201EB72AE01CBE00E62EF7 /* Assets.xcassets in Resources */,
				04201EBA2AE01CBE00E62EF7 /* LaunchScreen.storyboard in Resources */,
				042AFABC2AE126FA00F1460B /* fire.mp3 in Resources */,
				042AFAB02AE01F9500F1460B /* character.gif in Resources */,
			);
			runOnlyForDeploymentPostprocessing = 0;
		};
/* End PBXResourcesBuildPhase section */

/* Begin PBXShellScriptBuildPhase section */
		57B9C97D282F3BABE0F25603 /* [CP] Embed Pods Frameworks */ = {
			isa = PBXShellScriptBuildPhase;
			buildActionMask = 2147483647;
			files = (
			);
			inputFileListPaths = (
				"${PODS_ROOT}/Target Support Files/Pods-XleopatraXards/Pods-XleopatraXards-frameworks-${CONFIGURATION}-input-files.xcfilelist",
			);
			name = "[CP] Embed Pods Frameworks";
			outputFileListPaths = (
				"${PODS_ROOT}/Target Support Files/Pods-XleopatraXards/Pods-XleopatraXards-frameworks-${CONFIGURATION}-output-files.xcfilelist",
			);
			runOnlyForDeploymentPostprocessing = 0;
			shellPath = /bin/sh;
			shellScript = "\"${PODS_ROOT}/Target Support Files/Pods-XleopatraXards/Pods-XleopatraXards-frameworks.sh\"\n";
			showEnvVarsInLog = 0;
		};
		B1B2C1515578F5784A2143DA /* [CP] Check Pods Manifest.lock */ = {
			isa = PBXShellScriptBuildPhase;
			buildActionMask = 2147483647;
			files = (
			);
			inputFileListPaths = (
			);
			inputPaths = (
				"${PODS_PODFILE_DIR_PATH}/Podfile.lock",
				"${PODS_ROOT}/Manifest.lock",
			);
			name = "[CP] Check Pods Manifest.lock";
			outputFileListPaths = (
			);
			outputPaths = (
				"$(DERIVED_FILE_DIR)/Pods-XleopatraXards-checkManifestLockResult.txt",
			);
			runOnlyForDeploymentPostprocessing = 0;
			shellPath = /bin/sh;
			shellScript = "diff \"${PODS_PODFILE_DIR_PATH}/Podfile.lock\" \"${PODS_ROOT}/Manifest.lock\" > /dev/null\nif [ $? != 0 ] ; then\n    # print error to STDERR\n    echo \"error: The sandbox is not in sync with the Podfile.lock. Run 'pod install' or update your CocoaPods installation.\" >&2\n    exit 1\nfi\n# This output is used by Xcode 'outputs' to avoid re-running this script phase.\necho \"SUCCESS\" > \"${SCRIPT_OUTPUT_FILE_0}\"\n";
			showEnvVarsInLog = 0;
		};
/* End PBXShellScriptBuildPhase section */

/* Begin PBXSourcesBuildPhase section */
		04201EA22AE01CBD00E62EF7 /* Sources */ = {
			isa = PBXSourcesBuildPhase;
			buildActionMask = 2147483647;
			files = (
				042AFAB22AE0201B00F1460B /* WebVC.swift in Sources */,
				04201ECE2AE01D6A00E62EF7 /* Data.swift in Sources */,
				042AFB192AE166D100F1460B /* Vibration.swift in Sources */,
				04201ED02AE01D8100E62EF7 /* CardButton.swift in Sources */,
				04201EB02AE01CBD00E62EF7 /* GameScene.swift in Sources */,
				04201EC82AE01D2C00E62EF7 /* LoadingVC.swift in Sources */,
				04201ECA2AE01D3600E62EF7 /* InstructionVC.swift in Sources */,
				04201EAA2AE01CBD00E62EF7 /* AppDelegate.swift in Sources */,
				04201ECC2AE01D3E00E62EF7 /* GameVC.swift in Sources */,
				04201EC62AE01D2300E62EF7 /* MenuVC.swift in Sources */,
			);
			runOnlyForDeploymentPostprocessing = 0;
		};
/* End PBXSourcesBuildPhase section */

/* Begin PBXVariantGroup section */
		04201EB32AE01CBD00E62EF7 /* Main.storyboard */ = {
			isa = PBXVariantGroup;
			children = (
				04201EB42AE01CBD00E62EF7 /* Base */,
			);
			name = Main.storyboard;
			sourceTree = "<group>";
		};
		04201EB82AE01CBE00E62EF7 /* LaunchScreen.storyboard */ = {
			isa = PBXVariantGroup;
			children = (
				04201EB92AE01CBE00E62EF7 /* Base */,
			);
			name = LaunchScreen.storyboard;
			sourceTree = "<group>";
		};
/* End PBXVariantGroup section */

/* Begin XCBuildConfiguration section */
		04201EBB2AE01CBE00E62EF7 /* Debug */ = {
			isa = XCBuildConfiguration;
			buildSettings = {
				ALWAYS_SEARCH_USER_PATHS = NO;
				ASSETCATALOG_COMPILER_GENERATE_SWIFT_ASSET_SYMBOL_EXTENSIONS = YES;
				CLANG_ANALYZER_NONNULL = YES;
				CLANG_ANALYZER_NUMBER_OBJECT_CONVERSION = YES_AGGRESSIVE;
				CLANG_CXX_LANGUAGE_STANDARD = "gnu++20";
				CLANG_ENABLE_MODULES = YES;
				CLANG_ENABLE_OBJC_ARC = YES;
				CLANG_ENABLE_OBJC_WEAK = YES;
				CLANG_WARN_BLOCK_CAPTURE_AUTORELEASING = YES;
				CLANG_WARN_BOOL_CONVERSION = YES;
				CLANG_WARN_COMMA = YES;
				CLANG_WARN_CONSTANT_CONVERSION = YES;
				CLANG_WARN_DEPRECATED_OBJC_IMPLEMENTATIONS = YES;
				CLANG_WARN_DIRECT_OBJC_ISA_USAGE = YES_ERROR;
				CLANG_WARN_DOCUMENTATION_COMMENTS = YES;
				CLANG_WARN_EMPTY_BODY = YES;
				CLANG_WARN_ENUM_CONVERSION = YES;
				CLANG_WARN_INFINITE_RECURSION = YES;
				CLANG_WARN_INT_CONVERSION = YES;
				CLANG_WARN_NON_LITERAL_NULL_CONVERSION = YES;
				CLANG_WARN_OBJC_IMPLICIT_RETAIN_SELF = YES;
				CLANG_WARN_OBJC_LITERAL_CONVERSION = YES;
				CLANG_WARN_OBJC_ROOT_CLASS = YES_ERROR;
				CLANG_WARN_QUOTED_INCLUDE_IN_FRAMEWORK_HEADER = YES;
				CLANG_WARN_RANGE_LOOP_ANALYSIS = YES;
				CLANG_WARN_STRICT_PROTOTYPES = YES;
				CLANG_WARN_SUSPICIOUS_MOVE = YES;
				CLANG_WARN_UNGUARDED_AVAILABILITY = YES_AGGRESSIVE;
				CLANG_WARN_UNREACHABLE_CODE = YES;
				CLANG_WARN__DUPLICATE_METHOD_MATCH = YES;
				COPY_PHASE_STRIP = NO;
				DEBUG_INFORMATION_FORMAT = dwarf;
				ENABLE_STRICT_OBJC_MSGSEND = YES;
				ENABLE_TESTABILITY = YES;
				ENABLE_USER_SCRIPT_SANDBOXING = YES;
				GCC_C_LANGUAGE_STANDARD = gnu17;
				GCC_DYNAMIC_NO_PIC = NO;
				GCC_NO_COMMON_BLOCKS = YES;
				GCC_OPTIMIZATION_LEVEL = 0;
				GCC_PREPROCESSOR_DEFINITIONS = (
					"DEBUG=1",
					"$(inherited)",
				);
				GCC_WARN_64_TO_32_BIT_CONVERSION = YES;
				GCC_WARN_ABOUT_RETURN_TYPE = YES_ERROR;
				GCC_WARN_UNDECLARED_SELECTOR = YES;
				GCC_WARN_UNINITIALIZED_AUTOS = YES_AGGRESSIVE;
				GCC_WARN_UNUSED_FUNCTION = YES;
				GCC_WARN_UNUSED_VARIABLE = YES;
				IPHONEOS_DEPLOYMENT_TARGET = 17.0;
				LOCALIZATION_PREFERS_STRING_CATALOGS = YES;
				MTL_ENABLE_DEBUG_INFO = INCLUDE_SOURCE;
				MTL_FAST_MATH = YES;
				ONLY_ACTIVE_ARCH = YES;
				SDKROOT = iphoneos;
				SWIFT_ACTIVE_COMPILATION_CONDITIONS = "DEBUG $(inherited)";
				SWIFT_OPTIMIZATION_LEVEL = "-Onone";
			};
			name = Debug;
		};
		04201EBC2AE01CBE00E62EF7 /* Release */ = {
			isa = XCBuildConfiguration;
			buildSettings = {
				ALWAYS_SEARCH_USER_PATHS = NO;
				ASSETCATALOG_COMPILER_GENERATE_SWIFT_ASSET_SYMBOL_EXTENSIONS = YES;
				CLANG_ANALYZER_NONNULL = YES;
				CLANG_ANALYZER_NUMBER_OBJECT_CONVERSION = YES_AGGRESSIVE;
				CLANG_CXX_LANGUAGE_STANDARD = "gnu++20";
				CLANG_ENABLE_MODULES = YES;
				CLANG_ENABLE_OBJC_ARC = YES;
				CLANG_ENABLE_OBJC_WEAK = YES;
				CLANG_WARN_BLOCK_CAPTURE_AUTORELEASING = YES;
				CLANG_WARN_BOOL_CONVERSION = YES;
				CLANG_WARN_COMMA = YES;
				CLANG_WARN_CONSTANT_CONVERSION = YES;
				CLANG_WARN_DEPRECATED_OBJC_IMPLEMENTATIONS = YES;
				CLANG_WARN_DIRECT_OBJC_ISA_USAGE = YES_ERROR;
				CLANG_WARN_DOCUMENTATION_COMMENTS = YES;
				CLANG_WARN_EMPTY_BODY = YES;
				CLANG_WARN_ENUM_CONVERSION = YES;
				CLANG_WARN_INFINITE_RECURSION = YES;
				CLANG_WARN_INT_CONVERSION = YES;
				CLANG_WARN_NON_LITERAL_NULL_CONVERSION = YES;
				CLANG_WARN_OBJC_IMPLICIT_RETAIN_SELF = YES;
				CLANG_WARN_OBJC_LITERAL_CONVERSION = YES;
				CLANG_WARN_OBJC_ROOT_CLASS = YES_ERROR;
				CLANG_WARN_QUOTED_INCLUDE_IN_FRAMEWORK_HEADER = YES;
				CLANG_WARN_RANGE_LOOP_ANALYSIS = YES;
				CLANG_WARN_STRICT_PROTOTYPES = YES;
				CLANG_WARN_SUSPICIOUS_MOVE = YES;
				CLANG_WARN_UNGUARDED_AVAILABILITY = YES_AGGRESSIVE;
				CLANG_WARN_UNREACHABLE_CODE = YES;
				CLANG_WARN__DUPLICATE_METHOD_MATCH = YES;
				COPY_PHASE_STRIP = NO;
				DEBUG_INFORMATION_FORMAT = "dwarf-with-dsym";
				ENABLE_NS_ASSERTIONS = NO;
				ENABLE_STRICT_OBJC_MSGSEND = YES;
				ENABLE_USER_SCRIPT_SANDBOXING = YES;
				GCC_C_LANGUAGE_STANDARD = gnu17;
				GCC_NO_COMMON_BLOCKS = YES;
				GCC_WARN_64_TO_32_BIT_CONVERSION = YES;
				GCC_WARN_ABOUT_RETURN_TYPE = YES_ERROR;
				GCC_WARN_UNDECLARED_SELECTOR = YES;
				GCC_WARN_UNINITIALIZED_AUTOS = YES_AGGRESSIVE;
				GCC_WARN_UNUSED_FUNCTION = YES;
				GCC_WARN_UNUSED_VARIABLE = YES;
				IPHONEOS_DEPLOYMENT_TARGET = 17.0;
				LOCALIZATION_PREFERS_STRING_CATALOGS = YES;
				MTL_ENABLE_DEBUG_INFO = NO;
				MTL_FAST_MATH = YES;
				SDKROOT = iphoneos;
				SWIFT_COMPILATION_MODE = wholemodule;
				VALIDATE_PRODUCT = YES;
			};
			name = Release;
		};
		04201EBE2AE01CBE00E62EF7 /* Debug */ = {
			isa = XCBuildConfiguration;
			baseConfigurationReference = 122B8183D1BE890CAE91D134 /* Pods-XleopatraXards.debug.xcconfig */;
			buildSettings = {
				ASSETCATALOG_COMPILER_APPICON_NAME = AppIcon;
				ASSETCATALOG_COMPILER_GLOBAL_ACCENT_COLOR_NAME = AccentColor;
				CODE_SIGN_ENTITLEMENTS = XleopatraXards/XleopatraXards.entitlements;
				CODE_SIGN_IDENTITY = "Apple Development";
				CODE_SIGN_STYLE = Manual;
				CURRENT_PROJECT_VERSION = 1;
				DEVELOPMENT_TEAM = "";
				ENABLE_USER_SCRIPT_SANDBOXING = NO;
				GENERATE_INFOPLIST_FILE = NO;
				INFOPLIST_FILE = XleopatraXards/Resources/Info.plist;
				INFOPLIST_KEY_UIApplicationSupportsIndirectInputEvents = YES;
				INFOPLIST_KEY_UILaunchStoryboardName = LaunchScreen;
				INFOPLIST_KEY_UIMainStoryboardFile = Main;
				INFOPLIST_KEY_UIStatusBarHidden = YES;
				INFOPLIST_KEY_UISupportedInterfaceOrientations_iPad = "UIInterfaceOrientationPortrait UIInterfaceOrientationPortraitUpsideDown UIInterfaceOrientationLandscapeLeft UIInterfaceOrientationLandscapeRight";
				INFOPLIST_KEY_UISupportedInterfaceOrientations_iPhone = "UIInterfaceOrientationPortrait UIInterfaceOrientationLandscapeLeft UIInterfaceOrientationLandscapeRight";
				IPHONEOS_DEPLOYMENT_TARGET = 14.1;
				LD_RUNPATH_SEARCH_PATHS = (
					"$(inherited)",
					"@executable_path/Frameworks",
				);
				MARKETING_VERSION = 1.0;
				PRODUCT_BUNDLE_IDENTIFIER = com.mw.XleopatraXards;
				PRODUCT_NAME = "$(TARGET_NAME)";
				PROVISIONING_PROFILE_SPECIFIER = "";
				SWIFT_EMIT_LOC_STRINGS = YES;
				SWIFT_VERSION = 5.0;
				TARGETED_DEVICE_FAMILY = "1,2";
			};
			name = Debug;
		};
		04201EBF2AE01CBE00E62EF7 /* Release */ = {
			isa = XCBuildConfiguration;
			baseConfigurationReference = 688CDB21005A4FC12ED1670B /* Pods-XleopatraXards.release.xcconfig */;
			buildSettings = {
				ASSETCATALOG_COMPILER_APPICON_NAME = AppIcon;
				ASSETCATALOG_COMPILER_GLOBAL_ACCENT_COLOR_NAME = AccentColor;
				CODE_SIGN_ENTITLEMENTS = XleopatraXards/XleopatraXards.entitlements;
				CODE_SIGN_IDENTITY = "Apple Development";
				CODE_SIGN_STYLE = Manual;
				CURRENT_PROJECT_VERSION = 1;
				DEVELOPMENT_TEAM = "";
				ENABLE_USER_SCRIPT_SANDBOXING = NO;
				GENERATE_INFOPLIST_FILE = NO;
				INFOPLIST_FILE = XleopatraXards/Resources/Info.plist;
				INFOPLIST_KEY_UIApplicationSupportsIndirectInputEvents = YES;
				INFOPLIST_KEY_UILaunchStoryboardName = LaunchScreen;
				INFOPLIST_KEY_UIMainStoryboardFile = Main;
				INFOPLIST_KEY_UIStatusBarHidden = YES;
				INFOPLIST_KEY_UISupportedInterfaceOrientations_iPad = "UIInterfaceOrientationPortrait UIInterfaceOrientationPortraitUpsideDown UIInterfaceOrientationLandscapeLeft UIInterfaceOrientationLandscapeRight";
				INFOPLIST_KEY_UISupportedInterfaceOrientations_iPhone = "UIInterfaceOrientationPortrait UIInterfaceOrientationLandscapeLeft UIInterfaceOrientationLandscapeRight";
				IPHONEOS_DEPLOYMENT_TARGET = 14.1;
				LD_RUNPATH_SEARCH_PATHS = (
					"$(inherited)",
					"@executable_path/Frameworks",
				);
				MARKETING_VERSION = 1.0;
				PRODUCT_BUNDLE_IDENTIFIER = com.mw.XleopatraXards;
				PRODUCT_NAME = "$(TARGET_NAME)";
				PROVISIONING_PROFILE_SPECIFIER = "";
				SWIFT_EMIT_LOC_STRINGS = YES;
				SWIFT_VERSION = 5.0;
				TARGETED_DEVICE_FAMILY = "1,2";
			};
			name = Release;
		};
/* End XCBuildConfiguration section */

/* Begin XCConfigurationList section */
		04201EA12AE01CBD00E62EF7 /* Build configuration list for PBXProject "XleopatraXards" */ = {
			isa = XCConfigurationList;
			buildConfigurations = (
				04201EBB2AE01CBE00E62EF7 /* Debug */,
				04201EBC2AE01CBE00E62EF7 /* Release */,
			);
			defaultConfigurationIsVisible = 0;
			defaultConfigurationName = Release;
		};
		04201EBD2AE01CBE00E62EF7 /* Build configuration list for PBXNativeTarget "XleopatraXards" */ = {
			isa = XCConfigurationList;
			buildConfigurations = (
				04201EBE2AE01CBE00E62EF7 /* Debug */,
				04201EBF2AE01CBE00E62EF7 /* Release */,
			);
			defaultConfigurationIsVisible = 0;
			defaultConfigurationName = Release;
		};
/* End XCConfigurationList section */
	};
	rootObject = 04201E9E2AE01CBD00E62EF7 /* Project object */;
}
